
Microsoft Visual Studio Solution File, Format Version 12.00
# Visual Studio Version 16
VisualStudioVersion = 16.0.29009.5
MinimumVisualStudioVersion = 10.0.40219.1
Project("{FAE04EC0-301F-11D3-BF4B-00C04F79EFBC}") = "FirebaseDemo", "FirebaseDemo\FirebaseDemo.csproj", "{9CD97F38-314D-48CB-8C85-87852D121F1C}"
EndProject
Global
	GlobalSection(SolutionConfigurationPlatforms) = preSolution
		Debug|Any CPU = Debug|Any CPU
		Release|Any CPU = Release|Any CPU
	EndGlobalSection
	GlobalSection(ProjectConfigurationPlatforms) = postSolution
		{9CD97F38-314D-48CB-8C85-87852D121F1C}.Debug|Any CPU.ActiveCfg = Debug|Any CPU
		{9CD97F38-314D-48CB-8C85-87852D121F1C}.Debug|Any CPU.Build.0 = Debug|Any CPU
		{9CD97F38-314D-48CB-8C85-87852D121F1C}.Release|Any CPU.ActiveCfg = Release|Any CPU
		{9CD97F38-314D-48CB-8C85-87852D121F1C}.Release|Any CPU.Build.0 = Release|Any CPU
	EndGlobalSection
	GlobalSection(SolutionProperties) = preSolution
		HideSolutionNode = FALSE
	EndGlobalSection
	GlobalSection(ExtensibilityGlobals) = postSolution
		SolutionGuid = {697B3A8B-7B46-4AF6-800B-7FA8D36D24F2}
	EndGlobalSection
EndGlobal
